
Microsoft Visual Studio Solution File, Format Version 12.00
# Visual Studio Version 16
VisualStudioVersion = 16.0.32413.511
MinimumVisualStudioVersion = 10.0.40219.1
Project("{9A19103F-16F7-4668-BE54-9A1E7A4F7556}") = "ConsoleApp", "ConsoleApp\ConsoleApp.csproj", "{3BAF6A4F-296B-4DC7-8E15-D69F3502ED8B}"
EndProject
Project("{9A19103F-16F7-4668-BE54-9A1E7A4F7556}") = "Library", "Library\Library.csproj", "{5CE7BA80-2905-4213-BD77-4C6334B62157}"
EndProject
Project("{9A19103F-16F7-4668-BE54-9A1E7A4F7556}") = "Forms", "Forms\Forms.csproj", "{C2C0DFA9-B945-4273-B2A1-1A373233DA5F}"
EndProject
Project("{9A19103F-16F7-4668-BE54-9A1E7A4F7556}") = "Test", "Test\Test.csproj", "{CFBD09B0-058F-4208-AF97-26FCB693269F}"
EndProject
Project("{FAE04EC0-301F-11D3-BF4B-00C04F79EFBC}") = "WebApplication1", "WebApplication1\WebApplication1.csproj", "{80E813D1-F484-42C5-9633-27E1AB963E2E}"
EndProject
Global
	GlobalSection(SolutionConfigurationPlatforms) = preSolution
		Debug|Any CPU = Debug|Any CPU
		Release|Any CPU = Release|Any CPU
	EndGlobalSection
	GlobalSection(ProjectConfigurationPlatforms) = postSolution
		{3BAF6A4F-296B-4DC7-8E15-D69F3502ED8B}.Debug|Any CPU.ActiveCfg = Debug|Any CPU
		{3BAF6A4F-296B-4DC7-8E15-D69F3502ED8B}.Debug|Any CPU.Build.0 = Debug|Any CPU
		{3BAF6A4F-296B-4DC7-8E15-D69F3502ED8B}.Release|Any CPU.ActiveCfg = Release|Any CPU
		{3BAF6A4F-296B-4DC7-8E15-D69F3502ED8B}.Release|Any CPU.Build.0 = Release|Any CPU
		{5CE7BA80-2905-4213-BD77-4C6334B62157}.Debug|Any CPU.ActiveCfg = Debug|Any CPU
		{5CE7BA80-2905-4213-BD77-4C6334B62157}.Debug|Any CPU.Build.0 = Debug|Any CPU
		{5CE7BA80-2905-4213-BD77-4C6334B62157}.Release|Any CPU.ActiveCfg = Release|Any CPU
		{5CE7BA80-2905-4213-BD77-4C6334B62157}.Release|Any CPU.Build.0 = Release|Any CPU
		{C2C0DFA9-B945-4273-B2A1-1A373233DA5F}.Debug|Any CPU.ActiveCfg = Debug|Any CPU
		{C2C0DFA9-B945-4273-B2A1-1A373233DA5F}.Debug|Any CPU.Build.0 = Debug|Any CPU
		{C2C0DFA9-B945-4273-B2A1-1A373233DA5F}.Release|Any CPU.ActiveCfg = Release|Any CPU
		{C2C0DFA9-B945-4273-B2A1-1A373233DA5F}.Release|Any CPU.Build.0 = Release|Any CPU
		{CFBD09B0-058F-4208-AF97-26FCB693269F}.Debug|Any CPU.ActiveCfg = Debug|Any CPU
		{CFBD09B0-058F-4208-AF97-26FCB693269F}.Debug|Any CPU.Build.0 = Debug|Any CPU
		{CFBD09B0-058F-4208-AF97-26FCB693269F}.Release|Any CPU.ActiveCfg = Release|Any CPU
		{CFBD09B0-058F-4208-AF97-26FCB693269F}.Release|Any CPU.Build.0 = Release|Any CPU
		{80E813D1-F484-42C5-9633-27E1AB963E2E}.Debug|Any CPU.ActiveCfg = Debug|Any CPU
		{80E813D1-F484-42C5-9633-27E1AB963E2E}.Debug|Any CPU.Build.0 = Debug|Any CPU
		{80E813D1-F484-42C5-9633-27E1AB963E2E}.Release|Any CPU.ActiveCfg = Release|Any CPU
		{80E813D1-F484-42C5-9633-27E1AB963E2E}.Release|Any CPU.Build.0 = Release|Any CPU
	EndGlobalSection
	GlobalSection(SolutionProperties) = preSolution
		HideSolutionNode = FALSE
	EndGlobalSection
	GlobalSection(ExtensibilityGlobals) = postSolution
		SolutionGuid = {02048BE5-2F2F-4C1B-A379-3FD3BFE3B844}
	EndGlobalSection
EndGlobal
